
Microsoft Visual Studio Solution File, Format Version 12.00
# Visual Studio Version 17
VisualStudioVersion = 17.0.31717.71
MinimumVisualStudioVersion = 15.0.26124.0
Project("{2150E333-8FDC-42A3-9474-1A3956D46DE8}") = "Solution Items", "Solution Items", "{29C81B48-7ADA-4C89-B454-45B623039C09}"
	ProjectSection(SolutionItems) = preProject
		..\.editorconfig = ..\.editorconfig
	EndProjectSection
EndProject
Project("{9A19103F-16F7-4668-BE54-9A1E7A4F7556}") = "ForwardAlgebraic.Effects.Abstractions", "ForwardAlgebraic.Effects.Abstractions\ForwardAlgebraic.Effects.Abstractions.csproj", "{B162C2CF-E43E-44DF-8834-FC4E1F503351}"
EndProject
Project("{9A19103F-16F7-4668-BE54-9A1E7A4F7556}") = "ForwardAlgebraic.Effects.Time", "ForwardAlgebraic.Effects.Time\ForwardAlgebraic.Effects.Time.csproj", "{FB945B3D-8025-4404-BA52-27994FFFA14A}"
EndProject
Project("{9A19103F-16F7-4668-BE54-9A1E7A4F7556}") = "ForwardAlgebraic.Effects.Time.Tests", "ForwardAlgebraic.Effects.Time.Tests\ForwardAlgebraic.Effects.Time.Tests.csproj", "{2C6B7C35-A44E-4EEA-985D-ADD4D085401D}"
EndProject
Project("{9A19103F-16F7-4668-BE54-9A1E7A4F7556}") = "ForwardAlgebraic.Effects.Actor", "ForwardAlgebraic.Effects.Actor\ForwardAlgebraic.Effects.Actor.csproj", "{4CBEC45C-37D6-4329-95B7-217F1F3E767E}"
EndProject
Project("{9A19103F-16F7-4668-BE54-9A1E7A4F7556}") = "ForwardAlgebraic.Effects.Actor.Tests", "ForwardAlgebraic.Effects.Actor.Tests\ForwardAlgebraic.Effects.Actor.Tests.csproj", "{4A803230-5299-4BAE-BE0C-2AC9D2FE1580}"
EndProject
Project("{9A19103F-16F7-4668-BE54-9A1E7A4F7556}") = "ForwardAlgebraic.Effects.Http", "ForwardAlgebraic.Effects.Http\ForwardAlgebraic.Effects.Http.csproj", "{F5BE35E0-3BE0-4411-94C5-9689020B9172}"
EndProject
Project("{9A19103F-16F7-4668-BE54-9A1E7A4F7556}") = "ForwardAlgebraic.Effects.Http.Tests", "ForwardAlgebraic.Effects.Http.Tests\ForwardAlgebraic.Effects.Http.Tests.csproj", "{CF46A184-D115-4A4B-8C23-EE02DC8E0CFB}"
EndProject
Global
	GlobalSection(SolutionConfigurationPlatforms) = preSolution
		Debug|Any CPU = Debug|Any CPU
		Release|Any CPU = Release|Any CPU
	EndGlobalSection
	GlobalSection(ProjectConfigurationPlatforms) = postSolution
		{B162C2CF-E43E-44DF-8834-FC4E1F503351}.Debug|Any CPU.ActiveCfg = Debug|Any CPU
		{B162C2CF-E43E-44DF-8834-FC4E1F503351}.Debug|Any CPU.Build.0 = Debug|Any CPU
		{B162C2CF-E43E-44DF-8834-FC4E1F503351}.Release|Any CPU.ActiveCfg = Release|Any CPU
		{B162C2CF-E43E-44DF-8834-FC4E1F503351}.Release|Any CPU.Build.0 = Release|Any CPU
		{FB945B3D-8025-4404-BA52-27994FFFA14A}.Debug|Any CPU.ActiveCfg = Debug|Any CPU
		{FB945B3D-8025-4404-BA52-27994FFFA14A}.Debug|Any CPU.Build.0 = Debug|Any CPU
		{FB945B3D-8025-4404-BA52-27994FFFA14A}.Release|Any CPU.ActiveCfg = Release|Any CPU
		{FB945B3D-8025-4404-BA52-27994FFFA14A}.Release|Any CPU.Build.0 = Release|Any CPU
		{2C6B7C35-A44E-4EEA-985D-ADD4D085401D}.Debug|Any CPU.ActiveCfg = Debug|Any CPU
		{2C6B7C35-A44E-4EEA-985D-ADD4D085401D}.Debug|Any CPU.Build.0 = Debug|Any CPU
		{2C6B7C35-A44E-4EEA-985D-ADD4D085401D}.Release|Any CPU.ActiveCfg = Release|Any CPU
		{2C6B7C35-A44E-4EEA-985D-ADD4D085401D}.Release|Any CPU.Build.0 = Release|Any CPU
		{4CBEC45C-37D6-4329-95B7-217F1F3E767E}.Debug|Any CPU.ActiveCfg = Debug|Any CPU
		{4CBEC45C-37D6-4329-95B7-217F1F3E767E}.Debug|Any CPU.Build.0 = Debug|Any CPU
		{4CBEC45C-37D6-4329-95B7-217F1F3E767E}.Release|Any CPU.ActiveCfg = Release|Any CPU
		{4CBEC45C-37D6-4329-95B7-217F1F3E767E}.Release|Any CPU.Build.0 = Release|Any CPU
		{4A803230-5299-4BAE-BE0C-2AC9D2FE1580}.Debug|Any CPU.ActiveCfg = Debug|Any CPU
		{4A803230-5299-4BAE-BE0C-2AC9D2FE1580}.Debug|Any CPU.Build.0 = Debug|Any CPU
		{4A803230-5299-4BAE-BE0C-2AC9D2FE1580}.Release|Any CPU.ActiveCfg = Release|Any CPU
		{4A803230-5299-4BAE-BE0C-2AC9D2FE1580}.Release|Any CPU.Build.0 = Release|Any CPU
		{F5BE35E0-3BE0-4411-94C5-9689020B9172}.Debug|Any CPU.ActiveCfg = Debug|Any CPU
		{F5BE35E0-3BE0-4411-94C5-9689020B9172}.Debug|Any CPU.Build.0 = Debug|Any CPU
		{F5BE35E0-3BE0-4411-94C5-9689020B9172}.Release|Any CPU.ActiveCfg = Release|Any CPU
		{F5BE35E0-3BE0-4411-94C5-9689020B9172}.Release|Any CPU.Build.0 = Release|Any CPU
		{CF46A184-D115-4A4B-8C23-EE02DC8E0CFB}.Debug|Any CPU.ActiveCfg = Debug|Any CPU
		{CF46A184-D115-4A4B-8C23-EE02DC8E0CFB}.Debug|Any CPU.Build.0 = Debug|Any CPU
		{CF46A184-D115-4A4B-8C23-EE02DC8E0CFB}.Release|Any CPU.ActiveCfg = Release|Any CPU
		{CF46A184-D115-4A4B-8C23-EE02DC8E0CFB}.Release|Any CPU.Build.0 = Release|Any CPU
	EndGlobalSection
	GlobalSection(SolutionProperties) = preSolution
		HideSolutionNode = FALSE
	EndGlobalSection
	GlobalSection(ExtensibilityGlobals) = postSolution
		SolutionGuid = {EBF86A4A-E639-4F62-AAEE-EAD045707B45}
	EndGlobalSection
EndGlobal
